Microsoft Visual Studio Solution File, Format Version 12.00
# Visual Studio Version 17
VisualStudioVersion = 17.5.2.0
MinimumVisualStudioVersion = 10.0.40219.1
Project("{FAE04EC0-301F-11D3-BF4B-00C04F79EFBC}") = "StudentRegistrationApp", "StudentRegistrationApp.csproj", "{290B5B4F-4ED9-BAE1-3B0B-39281493A839}"
EndProject
Global
	GlobalSection(SolutionConfigurationPlatforms) = preSolution
		Debug|Any CPU = Debug|Any CPU
		Release|Any CPU = Release|Any CPU
	EndGlobalSection
	GlobalSection(ProjectConfigurationPlatforms) = postSolution
		{290B5B4F-4ED9-BAE1-3B0B-39281493A839}.Debug|Any CPU.ActiveCfg = Debug|Any CPU
		{290B5B4F-4ED9-BAE1-3B0B-39281493A839}.Debug|Any CPU.Build.0 = Debug|Any CPU
		{290B5B4F-4ED9-BAE1-3B0B-39281493A839}.Release|Any CPU.ActiveCfg = Release|Any CPU
		{290B5B4F-4ED9-BAE1-3B0B-39281493A839}.Release|Any CPU.Build.0 = Release|Any CPU
	EndGlobalSection
	GlobalSection(SolutionProperties) = preSolution
		HideSolutionNode = FALSE
	EndGlobalSection
	GlobalSection(ExtensibilityGlobals) = postSolution
		SolutionGuid = {05B961AF-7093-4B24-9DD0-1B55315EA53E}
	EndGlobalSection
EndGlobal
